// !$*UTF8*$!
{
	archiveVersion = 1;
	classes = {
	};
	objectVersion = 46;
	objects = {

/* Begin PBXBuildFile section */
		3B6010801C0F65EB00B2CD5A /* main.m in Sources */ = {isa = PBXBuildFile; fileRef = 3B60107F1C0F65EB00B2CD5A /* main.m */; };
		3B6010831C0F65EB00B2CD5A /* AppDelegate.m in Sources */ = {isa = PBXBuildFile; fileRef = 3B6010821C0F65EB00B2CD5A /* AppDelegate.m */; };
		3B6010861C0F65EB00B2CD5A /* ViewController.m in Sources */ = {isa = PBXBuildFile; fileRef = 3B6010851C0F65EB00B2CD5A /* ViewController.m */; };
		3B6010891C0F65EB00B2CD5A /* Main.storyboard in Resources */ = {isa = PBXBuildFile; fileRef = 3B6010871C0F65EB00B2CD5A /* Main.storyboard */; };
		3B60108B1C0F65EB00B2CD5A /* Assets.xcassets in Resources */ = {isa = PBXBuildFile; fileRef = 3B60108A1C0F65EB00B2CD5A /* Assets.xcassets */; };
		3B60108E1C0F65EB00B2CD5A /* LaunchScreen.storyboard in Resources */ = {isa = PBXBuildFile; fileRef = 3B60108C1C0F65EB00B2CD5A /* LaunchScreen.storyboard */; };
		3B6010991C0F65EC00B2CD5A /* SmartRetailAnalyticsTests.m in Sources */ = {isa = PBXBuildFile; fileRef = 3B6010981C0F65EC00B2CD5A /* SmartRetailAnalyticsTests.m */; };
		3B6010A41C0F65EC00B2CD5A /* SmartRetailAnalyticsUITests.m in Sources */ = {isa = PBXBuildFile; fileRef = 3B6010A31C0F65EC00B2CD5A /* SmartRetailAnalyticsUITests.m */; };
/* End PBXBuildFile section */

/* Begin PBXContainerItemProxy section */
		3B6010951C0F65EC00B2CD5A /* PBXContainerItemProxy */ = {
			isa = PBXContainerItemProxy;
			containerPortal = 3B6010731C0F65EB00B2CD5A /* Project object */;
			proxyType = 1;
			remoteGlobalIDString = 3B60107A1C0F65EB00B2CD5A;
			remoteInfo = SmartRetailAnalytics;
		};
		3B6010A01C0F65EC00B2CD5A /* PBXContainerItemProxy */ = {
			isa = PBXContainerItemProxy;
			containerPortal = 3B6010731C0F65EB00B2CD5A /* Project object */;
			proxyType = 1;
			remoteGlobalIDString = 3B60107A1C0F65EB00B2CD5A;
			remoteInfo = SmartRetailAnalytics;
		};
/* End PBXContainerItemProxy section */

/* Begin PBXFileReference section */
		3B60107B1C0F65EB00B2CD5A /* SmartRetailAnalytics.app */ = {isa = PBXFileReference; explicitFileType = wrapper.application; includeInIndex = 0; path = SmartRetailAnalytics.app; sourceTree = BUILT_PRODUCTS_DIR; };
		3B60107F1C0F65EB00B2CD5A /* main.m */ = {isa = PBXFileReference; lastKnownFileType = sourcecode.c.objc; path = main.m; sourceTree = "<group>"; };
		3B6010811C0F65EB00B2CD5A /* AppDelegate.h */ = {isa = PBXFileReference; lastKnownFileType = sourcecode.c.h; path = AppDelegate.h; sourceTree = "<group>"; };
		3B6010821C0F65EB00B2CD5A /* AppDelegate.m */ = {isa = PBXFileReference; lastKnownFileType = sourcecode.c.objc; path = AppDelegate.m; sourceTree = "<group>"; };
		3B6010841C0F65EB00B2CD5A /* ViewController.h */ = {isa = PBXFileReference; lastKnownFileType = sourcecode.c.h; path = ViewController.h; sourceTree = "<group>"; };
		3B6010851C0F65EB00B2CD5A /* ViewController.m */ = {isa = PBXFileReference; lastKnownFileType = sourcecode.c.objc; path = ViewController.m; sourceTree = "<group>"; };
		3B6010881C0F65EB00B2CD5A /* Base */ = {isa = PBXFileReference; lastKnownFileType = file.storyboard; name = Base; path = Base.lproj/Main.storyboard; sourceTree = "<group>"; };
		3B60108A1C0F65EB00B2CD5A /* Assets.xcassets */ = {isa = PBXFileReference; lastKnownFileType = folder.assetcatalog; path = Assets.xcassets; sourceTree = "<group>"; };
		3B60108D1C0F65EB00B2CD5A /* Base */ = {isa = PBXFileReference; lastKnownFileType = file.storyboard; name = Base; path = Base.lproj/LaunchScreen.storyboard; sourceTree = "<group>"; };
		3B60108F1C0F65EB00B2CD5A /* Info.plist */ = {isa = PBXFileReference; lastKnownFileType = text.plist.xml; path = Info.plist; sourceTree = "<group>"; };
		3B6010941C0F65EC00B2CD5A /* SmartRetailAnalyticsTests.xctest */ = {isa = PBXFileReference; explicitFileType = wrapper.cfbundle; includeInIndex = 0; path = SmartRetailAnalyticsTests.xctest; sourceTree = BUILT_PRODUCTS_DIR; };
		3B6010981C0F65EC00B2CD5A /* SmartRetailAnalyticsTests.m */ = {isa = PBXFileReference; lastKnownFileType = sourcecode.c.objc; path = SmartRetailAnalyticsTests.m; sourceTree = "<group>"; };
		3B60109A1C0F65EC00B2CD5A /* Info.plist */ = {isa = PBXFileReference; lastKnownFileType = text.plist.xml; path = Info.plist; sourceTree = "<group>"; };
		3B60109F1C0F65EC00B2CD5A /* SmartRetailAnalyticsUITests.xctest */ = {isa = PBXFileReference; explicitFileType = wrapper.cfbundle; includeInIndex = 0; path = SmartRetailAnalyticsUITests.xctest; sourceTree = BUILT_PRODUCTS_DIR; };
		3B6010A31C0F65EC00B2CD5A /* SmartRetailAnalyticsUITests.m */ = {isa = PBXFileReference; lastKnownFileType = sourcecode.c.objc; path = SmartRetailAnalyticsUITests.m; sourceTree = "<group>"; };
		3B6010A51C0F65EC00B2CD5A /* Info.plist */ = {isa = PBXFileReference; lastKnownFileType = text.plist.xml; path = Info.plist; sourceTree = "<group>"; };
/* End PBXFileReference section */

/* Begin PBXFrameworksBuildPhase section */
		3B6010781C0F65EB00B2CD5A /* Frameworks */ = {
			isa = PBXFrameworksBuildPhase;
			buildActionMask = 2147483647;
			files = (
			);
			runOnlyForDeploymentPostprocessing = 0;
		};
		3B6010911C0F65EC00B2CD5A /* Frameworks */ = {
			isa = PBXFrameworksBuildPhase;
			buildActionMask = 2147483647;
			files = (
			);
			runOnlyForDeploymentPostprocessing = 0;
		};
		3B60109C1C0F65EC00B2CD5A /* Frameworks */ = {
			isa = PBXFrameworksBuildPhase;
			buildActionMask = 2147483647;
			files = (
			);
			runOnlyForDeploymentPostprocessing = 0;
		};
/* End PBXFrameworksBuildPhase section */

/* Begin PBXGroup section */
		3B6010721C0F65EB00B2CD5A = {
			isa = PBXGroup;
			children = (
				3B60107D1C0F65EB00B2CD5A /* SmartRetailAnalytics */,
				3B6010971C0F65EC00B2CD5A /* SmartRetailAnalyticsTests */,
				3B6010A21C0F65EC00B2CD5A /* SmartRetailAnalyticsUITests */,
				3B60107C1C0F65EB00B2CD5A /* Products */,
			);
			sourceTree = "<group>";
		};
		3B60107C1C0F65EB00B2CD5A /* Products */ = {
			isa = PBXGroup;
			children = (
				3B60107B1C0F65EB00B2CD5A /* SmartRetailAnalytics.app */,
				3B6010941C0F65EC00B2CD5A /* SmartRetailAnalyticsTests.xctest */,
				3B60109F1C0F65EC00B2CD5A /* SmartRetailAnalyticsUITests.xctest */,
			);
			name = Products;
			sourceTree = "<group>";
		};
		3B60107D1C0F65EB00B2CD5A /* SmartRetailAnalytics */ = {
			isa = PBXGroup;
			children = (
				3B6010811C0F65EB00B2CD5A /* AppDelegate.h */,
				3B6010821C0F65EB00B2CD5A /* AppDelegate.m */,
				3B6010841C0F65EB00B2CD5A /* ViewController.h */,
				3B6010851C0F65EB00B2CD5A /* ViewController.m */,
				3B6010871C0F65EB00B2CD5A /* Main.storyboard */,
				3B60108A1C0F65EB00B2CD5A /* Assets.xcassets */,
				3B60108C1C0F65EB00B2CD5A /* LaunchScreen.storyboard */,
				3B60108F1C0F65EB00B2CD5A /* Info.plist */,
				3B60107E1C0F65EB00B2CD5A /* Supporting Files */,
			);
			path = SmartRetailAnalytics;
			sourceTree = "<group>";
		};
		3B60107E1C0F65EB00B2CD5A /* Supporting Files */ = {
			isa = PBXGroup;
			children = (
				3B60107F1C0F65EB00B2CD5A /* main.m */,
			);
			name = "Supporting Files";
			sourceTree = "<group>";
		};
		3B6010971C0F65EC00B2CD5A /* SmartRetailAnalyticsTests */ = {
			isa = PBXGroup;
			children = (
				3B6010981C0F65EC00B2CD5A /* SmartRetailAnalyticsTests.m */,
				3B60109A1C0F65EC00B2CD5A /* Info.plist */,
			);
			path = SmartRetailAnalyticsTests;
			sourceTree = "<group>";
		};
		3B6010A21C0F65EC00B2CD5A /* SmartRetailAnalyticsUITests */ = {
			isa = PBXGroup;
			children = (
				3B6010A31C0F65EC00B2CD5A /* SmartRetailAnalyticsUITests.m */,
				3B6010A51C0F65EC00B2CD5A /* Info.plist */,
			);
			path = SmartRetailAnalyticsUITests;
			sourceTree = "<group>";
		};
/* End PBXGroup section */

/* Begin PBXNativeTarget section */
		3B60107A1C0F65EB00B2CD5A /* SmartRetailAnalytics */ = {
			isa = PBXNativeTarget;
			buildConfigurationList = 3B6010A81C0F65EC00B2CD5A /* Build configuration list for PBXNativeTarget "SmartRetailAnalytics" */;
			buildPhases = (
				3B6010771C0F65EB00B2CD5A /* Sources */,
				3B6010781C0F65EB00B2CD5A /* Frameworks */,
				3B6010791C0F65EB00B2CD5A /* Resources */,
			);
			buildRules = (
			);
			dependencies = (
			);
			name = SmartRetailAnalytics;
			productName = SmartRetailAnalytics;
			productReference = 3B60107B1C0F65EB00B2CD5A /* SmartRetailAnalytics.app */;
			productType = "com.apple.product-type.application";
		};
		3B6010931C0F65EC00B2CD5A /* SmartRetailAnalyticsTests */ = {
			isa = PBXNativeTarget;
			buildConfigurationList = 3B6010AB1C0F65EC00B2CD5A /* Build configuration list for PBXNativeTarget "SmartRetailAnalyticsTests" */;
			buildPhases = (
				3B6010901C0F65EC00B2CD5A /* Sources */,
				3B6010911C0F65EC00B2CD5A /* Frameworks */,
				3B6010921C0F65EC00B2CD5A /* Resources */,
			);
			buildRules = (
			);
			dependencies = (
				3B6010961C0F65EC00B2CD5A /* PBXTargetDependency */,
			);
			name = SmartRetailAnalyticsTests;
			productName = SmartRetailAnalyticsTests;
			productReference = 3B6010941C0F65EC00B2CD5A /* SmartRetailAnalyticsTests.xctest */;
			productType = "com.apple.product-type.bundle.unit-test";
		};
		3B60109E1C0F65EC00B2CD5A /* SmartRetailAnalyticsUITests */ = {
			isa = PBXNativeTarget;
			buildConfigurationList = 3B6010AE1C0F65EC00B2CD5A /* Build configuration list for PBXNativeTarget "SmartRetailAnalyticsUITests" */;
			buildPhases = (
				3B60109B1C0F65EC00B2CD5A /* Sources */,
				3B60109C1C0F65EC00B2CD5A /* Frameworks */,
				3B60109D1C0F65EC00B2CD5A /* Resources */,
			);
			buildRules = (
			);
			dependencies = (
				3B6010A11C0F65EC00B2CD5A /* PBXTargetDependency */,
			);
			name = SmartRetailAnalyticsUITests;
			productName = SmartRetailAnalyticsUITests;
			productReference = 3B60109F1C0F65EC00B2CD5A /* SmartRetailAnalyticsUITests.xctest */;
			productType = "com.apple.product-type.bundle.ui-testing";
		};
/* End PBXNativeTarget section */

/* Begin PBXProject section */
		3B6010731C0F65EB00B2CD5A /* Project object */ = {
			isa = PBXProject;
			attributes = {
				LastUpgradeCheck = 0710;
				ORGANIZATIONNAME = JessieDeot;
				TargetAttributes = {
					3B60107A1C0F65EB00B2CD5A = {
						CreatedOnToolsVersion = 7.1.1;
					};
					3B6010931C0F65EC00B2CD5A = {
						CreatedOnToolsVersion = 7.1.1;
						TestTargetID = 3B60107A1C0F65EB00B2CD5A;
					};
					3B60109E1C0F65EC00B2CD5A = {
						CreatedOnToolsVersion = 7.1.1;
						TestTargetID = 3B60107A1C0F65EB00B2CD5A;
					};
				};
			};
			buildConfigurationList = 3B6010761C0F65EB00B2CD5A /* Build configuration list for PBXProject "SmartRetailAnalytics" */;
			compatibilityVersion = "Xcode 3.2";
			developmentRegion = English;
			hasScannedForEncodings = 0;
			knownRegions = (
				en,
				Base,
			);
			mainGroup = 3B6010721C0F65EB00B2CD5A;
			productRefGroup = 3B60107C1C0F65EB00B2CD5A /* Products */;
			projectDirPath = "";
			projectRoot = "";
			targets = (
				3B60107A1C0F65EB00B2CD5A /* SmartRetailAnalytics */,
				3B6010931C0F65EC00B2CD5A /* SmartRetailAnalyticsTests */,
				3B60109E1C0F65EC00B2CD5A /* SmartRetailAnalyticsUITests */,
			);
		};
/* End PBXProject section */

/* Begin PBXResourcesBuildPhase section */
		3B6010791C0F65EB00B2CD5A /* Resources */ = {
			isa = PBXResourcesBuildPhase;
			buildActionMask = 2147483647;
			files = (
				3B60108E1C0F65EB00B2CD5A /* LaunchScreen.storyboard in Resources */,
				3B60108B1C0F65EB00B2CD5A /* Assets.xcassets in Resources */,
				3B6010891C0F65EB00B2CD5A /* Main.storyboard in Resources */,
			);
			runOnlyForDeploymentPostprocessing = 0;
		};
		3B6010921C0F65EC00B2CD5A /* Resources */ = {
			isa = PBXResourcesBuildPhase;
			buildActionMask = 2147483647;
			files = (
			);
			runOnlyForDeploymentPostprocessing = 0;
		};
		3B60109D1C0F65EC00B2CD5A /* Resources */ = {
			isa = PBXResourcesBuildPhase;
			buildActionMask = 2147483647;
			files = (
			);
			runOnlyForDeploymentPostprocessing = 0;
		};
/* End PBXResourcesBuildPhase section */

/* Begin PBXSourcesBuildPhase section */
		3B6010771C0F65EB00B2CD5A /* Sources */ = {
			isa = PBXSourcesBuildPhase;
			buildActionMask = 2147483647;
			files = (
				3B6010861C0F65EB00B2CD5A /* ViewController.m in Sources */,
				3B6010831C0F65EB00B2CD5A /* AppDelegate.m in Sources */,
				3B6010801C0F65EB00B2CD5A /* main.m in Sources */,
			);
			runOnlyForDeploymentPostprocessing = 0;
		};
		3B6010901C0F65EC00B2CD5A /* Sources */ = {
			isa = PBXSourcesBuildPhase;
			buildActionMask = 2147483647;
			files = (
				3B6010991C0F65EC00B2CD5A /* SmartRetailAnalyticsTests.m in Sources */,
			);
			runOnlyForDeploymentPostprocessing = 0;
		};
		3B60109B1C0F65EC00B2CD5A /* Sources */ = {
			isa = PBXSourcesBuildPhase;
			buildActionMask = 2147483647;
			files = (
				3B6010A41C0F65EC00B2CD5A /* SmartRetailAnalyticsUITests.m in Sources */,
			);
			runOnlyForDeploymentPostprocessing = 0;
		};
/* End PBXSourcesBuildPhase section */

/* Begin PBXTargetDependency section */
		3B6010961C0F65EC00B2CD5A /* PBXTargetDependency */ = {
			isa = PBXTargetDependency;
			target = 3B60107A1C0F65EB00B2CD5A /* SmartRetailAnalytics */;
			targetProxy = 3B6010951C0F65EC00B2CD5A /* PBXContainerItemProxy */;
		};
		3B6010A11C0F65EC00B2CD5A /* PBXTargetDependency */ = {
			isa = PBXTargetDependency;
			target = 3B60107A1C0F65EB00B2CD5A /* SmartRetailAnalytics */;
			targetProxy = 3B6010A01C0F65EC00B2CD5A /* PBXContainerItemProxy */;
		};
/* End PBXTargetDependency section */

/* Begin PBXVariantGroup section */
		3B6010871C0F65EB00B2CD5A /* Main.storyboard */ = {
			isa = PBXVariantGroup;
			children = (
				3B6010881C0F65EB00B2CD5A /* Base */,
			);
			name = Main.storyboard;
			sourceTree = "<group>";
		};
		3B60108C1C0F65EB00B2CD5A /* LaunchScreen.storyboard */ = {
			isa = PBXVariantGroup;
			children = (
				3B60108D1C0F65EB00B2CD5A /* Base */,
			);
			name = LaunchScreen.storyboard;
			sourceTree = "<group>";
		};
/* End PBXVariantGroup section */

/* Begin XCBuildConfiguration section */
		3B6010A61C0F65EC00B2CD5A /* Debug */ = {
			isa = XCBuildConfiguration;
			buildSettings = {
				ALWAYS_SEARCH_USER_PATHS = NO;
				CLANG_CXX_LANGUAGE_STANDARD = "gnu++0x";
				CLANG_CXX_LIBRARY = "libc++";
				CLANG_ENABLE_MODULES = YES;
				CLANG_ENABLE_OBJC_ARC = YES;
				CLANG_WARN_BOOL_CONVERSION = YES;
				CLANG_WARN_CONSTANT_CONVERSION = YES;
				CLANG_WARN_DIRECT_OBJC_ISA_USAGE = YES_ERROR;
				CLANG_WARN_EMPTY_BODY = YES;
				CLANG_WARN_ENUM_CONVERSION = YES;
				CLANG_WARN_INT_CONVERSION = YES;
				CLANG_WARN_OBJC_ROOT_CLASS = YES_ERROR;
				CLANG_WARN_UNREACHABLE_CODE = YES;
				CLANG_WARN__DUPLICATE_METHOD_MATCH = YES;
				"CODE_SIGN_IDENTITY[sdk=iphoneos*]" = "iPhone Developer";
				COPY_PHASE_STRIP = NO;
				DEBUG_INFORMATION_FORMAT = dwarf;
				ENABLE_STRICT_OBJC_MSGSEND = YES;
				ENABLE_TESTABILITY = YES;
				GCC_C_LANGUAGE_STANDARD = gnu99;
				GCC_DYNAMIC_NO_PIC = NO;
				GCC_NO_COMMON_BLOCKS = YES;
				GCC_OPTIMIZATION_LEVEL = 0;
				GCC_PREPROCESSOR_DEFINITIONS = (
					"DEBUG=1",
					"$(inherited)",
				);
				GCC_WARN_64_TO_32_BIT_CONVERSION = YES;
				GCC_WARN_ABOUT_RETURN_TYPE = YES_ERROR;
				GCC_WARN_UNDECLARED_SELECTOR = YES;
				GCC_WARN_UNINITIALIZED_AUTOS = YES_AGGRESSIVE;
				GCC_WARN_UNUSED_FUNCTION = YES;
				GCC_WARN_UNUSED_VARIABLE = YES;
				IPHONEOS_DEPLOYMENT_TARGET = 9.1;
				MTL_ENABLE_DEBUG_INFO = YES;
				ONLY_ACTIVE_ARCH = YES;
				SDKROOT = iphoneos;
			};
			name = Debug;
		};
		3B6010A71C0F65EC00B2CD5A /* Release */ = {
			isa = XCBuildConfiguration;
			buildSettings = {
				ALWAYS_SEARCH_USER_PATHS = NO;
				CLANG_CXX_LANGUAGE_STANDARD = "gnu++0x";
				CLANG_CXX_LIBRARY = "libc++";
				CLANG_ENABLE_MODULES = YES;
				CLANG_ENABLE_OBJC_ARC = YES;
				CLANG_WARN_BOOL_CONVERSION = YES;
				CLANG_WARN_CONSTANT_CONVERSION = YES;
				CLANG_WARN_DIRECT_OBJC_ISA_USAGE = YES_ERROR;
				CLANG_WARN_EMPTY_BODY = YES;
				CLANG_WARN_ENUM_CONVERSION = YES;
				CLANG_WARN_INT_CONVERSION = YES;
				CLANG_WARN_OBJC_ROOT_CLASS = YES_ERROR;
				CLANG_WARN_UNREACHABLE_CODE = YES;
				CLANG_WARN__DUPLICATE_METHOD_MATCH = YES;
				"CODE_SIGN_IDENTITY[sdk=iphoneos*]" = "iPhone Developer";
				COPY_PHASE_STRIP = NO;
				DEBUG_INFORMATION_FORMAT = "dwarf-with-dsym";
				ENABLE_NS_ASSERTIONS = NO;
				ENABLE_STRICT_OBJC_MSGSEND = YES;
				GCC_C_LANGUAGE_STANDARD = gnu99;
				GCC_NO_COMMON_BLOCKS = YES;
				GCC_WARN_64_TO_32_BIT_CONVERSION = YES;
				GCC_WARN_ABOUT_RETURN_TYPE = YES_ERROR;
				GCC_WARN_UNDECLARED_SELECTOR = YES;
				GCC_WARN_UNINITIALIZED_AUTOS = YES_AGGRESSIVE;
				GCC_WARN_UNUSED_FUNCTION = YES;
				GCC_WARN_UNUSED_VARIABLE = YES;
				IPHONEOS_DEPLOYMENT_TARGET = 9.1;
				MTL_ENABLE_DEBUG_INFO = NO;
				SDKROOT = iphoneos;
				VALIDATE_PRODUCT = YES;
			};
			name = Release;
		};
		3B6010A91C0F65EC00B2CD5A /* Debug */ = {
			isa = XCBuildConfiguration;
			buildSettings = {
				ASSETCATALOG_COMPILER_APPICON_NAME = AppIcon;
				INFOPLIST_FILE = SmartRetailAnalytics/Info.plist;
				LD_RUNPATH_SEARCH_PATHS = "$(inherited) @executable_path/Frameworks";
				PRODUCT_BUNDLE_IDENTIFIER = com.JessieDeot.SmartRetailAnalytics;
				PRODUCT_NAME = "$(TARGET_NAME)";
			};
			name = Debug;
		};
		3B6010AA1C0F65EC00B2CD5A /* Release */ = {
			isa = XCBuildConfiguration;
			buildSettings = {
				ASSETCATALOG_COMPILER_APPICON_NAME = AppIcon;
				INFOPLIST_FILE = SmartRetailAnalytics/Info.plist;
				LD_RUNPATH_SEARCH_PATHS = "$(inherited) @executable_path/Frameworks";
				PRODUCT_BUNDLE_IDENTIFIER = com.JessieDeot.SmartRetailAnalytics;
				PRODUCT_NAME = "$(TARGET_NAME)";
			};
			name = Release;
		};
		3B6010AC1C0F65EC00B2CD5A /* Debug */ = {
			isa = XCBuildConfiguration;
			buildSettings = {
				BUNDLE_LOADER = "$(TEST_HOST)";
				INFOPLIST_FILE = SmartRetailAnalyticsTests/Info.plist;
				LD_RUNPATH_SEARCH_PATHS = "$(inherited) @executable_path/Frameworks @loader_path/Frameworks";
				PRODUCT_BUNDLE_IDENTIFIER = com.JessieDeot.SmartRetailAnalyticsTests;
				PRODUCT_NAME = "$(TARGET_NAME)";
				TEST_HOST = "$(BUILT_PRODUCTS_DIR)/SmartRetailAnalytics.app/SmartRetailAnalytics";
			};
			name = Debug;
		};
		3B6010AD1C0F65EC00B2CD5A /* Release */ = {
			isa = XCBuildConfiguration;
			buildSettings = {
				BUNDLE_LOADER = "$(TEST_HOST)";
				INFOPLIST_FILE = SmartRetailAnalyticsTests/Info.plist;
				LD_RUNPATH_SEARCH_PATHS = "$(inherited) @executable_path/Frameworks @loader_path/Frameworks";
				PRODUCT_BUNDLE_IDENTIFIER = com.JessieDeot.SmartRetailAnalyticsTests;
				PRODUCT_NAME = "$(TARGET_NAME)";
				TEST_HOST = "$(BUILT_PRODUCTS_DIR)/SmartRetailAnalytics.app/SmartRetailAnalytics";
			};
			name = Release;
		};
		3B6010AF1C0F65EC00B2CD5A /* Debug */ = {
			isa = XCBuildConfiguration;
			buildSettings = {
				INFOPLIST_FILE = SmartRetailAnalyticsUITests/Info.plist;
				LD_RUNPATH_SEARCH_PATHS = "$(inherited) @executable_path/Frameworks @loader_path/Frameworks";
				PRODUCT_BUNDLE_IDENTIFIER = com.JessieDeot.SmartRetailAnalyticsUITests;
				PRODUCT_NAME = "$(TARGET_NAME)";
				TEST_TARGET_NAME = SmartRetailAnalytics;
				USES_XCTRUNNER = YES;
			};
			name = Debug;
		};
		3B6010B01C0F65EC00B2CD5A /* Release */ = {
			isa = XCBuildConfiguration;
			buildSettings = {
				INFOPLIST_FILE = SmartRetailAnalyticsUITests/Info.plist;
				LD_RUNPATH_SEARCH_PATHS = "$(inherited) @executable_path/Frameworks @loader_path/Frameworks";
				PRODUCT_BUNDLE_IDENTIFIER = com.JessieDeot.SmartRetailAnalyticsUITests;
				PRODUCT_NAME = "$(TARGET_NAME)";
				TEST_TARGET_NAME = SmartRetailAnalytics;
				USES_XCTRUNNER = YES;
			};
			name = Release;
		};
/* End XCBuildConfiguration section */

/* Begin XCConfigurationList section */
		3B6010761C0F65EB00B2CD5A /* Build configuration list for PBXProject "SmartRetailAnalytics" */ = {
			isa = XCConfigurationList;
			buildConfigurations = (
				3B6010A61C0F65EC00B2CD5A /* Debug */,
				3B6010A71C0F65EC00B2CD5A /* Release */,
			);
			defaultConfigurationIsVisible = 0;
			defaultConfigurationName = Release;
		};
		3B6010A81C0F65EC00B2CD5A /* Build configuration list for PBXNativeTarget "SmartRetailAnalytics" */ = {
			isa = XCConfigurationList;
			buildConfigurations = (
				3B6010A91C0F65EC00B2CD5A /* Debug */,
				3B6010AA1C0F65EC00B2CD5A /* Release */,
			);
			defaultConfigurationIsVisible = 0;
		};
		3B6010AB1C0F65EC00B2CD5A /* Build configuration list for PBXNativeTarget "SmartRetailAnalyticsTests" */ = {
			isa = XCConfigurationList;
			buildConfigurations = (
				3B6010AC1C0F65EC00B2CD5A /* Debug */,
				3B6010AD1C0F65EC00B2CD5A /* Release */,
			);
			defaultConfigurationIsVisible = 0;
		};
		3B6010AE1C0F65EC00B2CD5A /* Build configuration list for PBXNativeTarget "SmartRetailAnalyticsUITests" */ = {
			isa = XCConfigurationList;
			buildConfigurations = (
				3B6010AF1C0F65EC00B2CD5A /* Debug */,
				3B6010B01C0F65EC00B2CD5A /* Release */,
			);
			defaultConfigurationIsVisible = 0;
		};
/* End XCConfigurationList section */
	};
	rootObject = 3B6010731C0F65EB00B2CD5A /* Project object */;
}
